
Microsoft Visual Studio Solution File, Format Version 12.00
# Visual Studio Version 17
VisualStudioVersion = 17.5.002.0
MinimumVisualStudioVersion = 10.0.40219.1
Project("{9A19103F-16F7-4668-BE54-9A1E7A4F7556}") = "TesteLoadBalancer", "TesteLoadBalancer.csproj", "{F4AE90EB-97FB-45CC-8A40-A1B953921624}"
EndProject
Global
	GlobalSection(SolutionConfigurationPlatforms) = preSolution
		Debug|Any CPU = Debug|Any CPU
		Release|Any CPU = Release|Any CPU
	EndGlobalSection
	GlobalSection(ProjectConfigurationPlatforms) = postSolution
		{F4AE90EB-97FB-45CC-8A40-A1B953921624}.Debug|Any CPU.ActiveCfg = Debug|Any CPU
		{F4AE90EB-97FB-45CC-8A40-A1B953921624}.Debug|Any CPU.Build.0 = Debug|Any CPU
		{F4AE90EB-97FB-45CC-8A40-A1B953921624}.Release|Any CPU.ActiveCfg = Release|Any CPU
		{F4AE90EB-97FB-45CC-8A40-A1B953921624}.Release|Any CPU.Build.0 = Release|Any CPU
	EndGlobalSection
	GlobalSection(SolutionProperties) = preSolution
		HideSolutionNode = FALSE
	EndGlobalSection
	GlobalSection(ExtensibilityGlobals) = postSolution
		SolutionGuid = {60C82363-EAD8-49C7-9D7D-EBA1BB4277E8}
	EndGlobalSection
EndGlobal
